
Microsoft Visual Studio Solution File, Format Version 12.00
# Visual Studio Version 16
VisualStudioVersion = 16.0.30517.126
MinimumVisualStudioVersion = 10.0.40219.1
Project("{9A19103F-16F7-4668-BE54-9A1E7A4F7556}") = "API_MercaditoTEC", "API_MercaditoTEC\API_MercaditoTEC.csproj", "{D19A4A65-B8B7-401E-915A-18897D8450F4}"
EndProject
Project("{FAE04EC0-301F-11D3-BF4B-00C04F79EFBC}") = "XUnitTest_API_MercaditoTEC", "XUnitTest_API_MercaditoTEC\XUnitTest_API_MercaditoTEC.csproj", "{4C8EE7EB-322D-4536-AFBE-E075BD6A83C7}"
EndProject
Global
	GlobalSection(SolutionConfigurationPlatforms) = preSolution
		Debug|Any CPU = Debug|Any CPU
		Release|Any CPU = Release|Any CPU
	EndGlobalSection
	GlobalSection(ProjectConfigurationPlatforms) = postSolution
		{D19A4A65-B8B7-401E-915A-18897D8450F4}.Debug|Any CPU.ActiveCfg = Debug|Any CPU
		{D19A4A65-B8B7-401E-915A-18897D8450F4}.Debug|Any CPU.Build.0 = Debug|Any CPU
		{D19A4A65-B8B7-401E-915A-18897D8450F4}.Release|Any CPU.ActiveCfg = Release|Any CPU
		{D19A4A65-B8B7-401E-915A-18897D8450F4}.Release|Any CPU.Build.0 = Release|Any CPU
		{4C8EE7EB-322D-4536-AFBE-E075BD6A83C7}.Debug|Any CPU.ActiveCfg = Debug|Any CPU
		{4C8EE7EB-322D-4536-AFBE-E075BD6A83C7}.Debug|Any CPU.Build.0 = Debug|Any CPU
		{4C8EE7EB-322D-4536-AFBE-E075BD6A83C7}.Release|Any CPU.ActiveCfg = Release|Any CPU
		{4C8EE7EB-322D-4536-AFBE-E075BD6A83C7}.Release|Any CPU.Build.0 = Release|Any CPU
	EndGlobalSection
	GlobalSection(SolutionProperties) = preSolution
		HideSolutionNode = FALSE
	EndGlobalSection
	GlobalSection(ExtensibilityGlobals) = postSolution
		SolutionGuid = {C5DF1166-73E7-4A15-8463-177D43B7DE8B}
	EndGlobalSection
EndGlobal
